
Microsoft Visual Studio Solution File, Format Version 12.00
# Visual Studio Version 17
VisualStudioVersion = 17.7.34221.43
MinimumVisualStudioVersion = 10.0.40219.1
Project("{FAE04EC0-301F-11D3-BF4B-00C04F79EFBC}") = "Part1", "Part1\Part1.csproj", "{ECC7BE40-9810-42C6-9767-6F2FE71713DB}"
EndProject
Project("{FAE04EC0-301F-11D3-BF4B-00C04F79EFBC}") = "Part2", "Part2\Part2.csproj", "{9F6DAD60-A4C9-44E9-A198-145B8730F610}"
EndProject
Global
	GlobalSection(SolutionConfigurationPlatforms) = preSolution
		Debug|Any CPU = Debug|Any CPU
		Release|Any CPU = Release|Any CPU
	EndGlobalSection
	GlobalSection(ProjectConfigurationPlatforms) = postSolution
		{ECC7BE40-9810-42C6-9767-6F2FE71713DB}.Debug|Any CPU.ActiveCfg = Debug|Any CPU
		{ECC7BE40-9810-42C6-9767-6F2FE71713DB}.Debug|Any CPU.Build.0 = Debug|Any CPU
		{ECC7BE40-9810-42C6-9767-6F2FE71713DB}.Release|Any CPU.ActiveCfg = Release|Any CPU
		{ECC7BE40-9810-42C6-9767-6F2FE71713DB}.Release|Any CPU.Build.0 = Release|Any CPU
		{9F6DAD60-A4C9-44E9-A198-145B8730F610}.Debug|Any CPU.ActiveCfg = Debug|Any CPU
		{9F6DAD60-A4C9-44E9-A198-145B8730F610}.Debug|Any CPU.Build.0 = Debug|Any CPU
		{9F6DAD60-A4C9-44E9-A198-145B8730F610}.Release|Any CPU.ActiveCfg = Release|Any CPU
		{9F6DAD60-A4C9-44E9-A198-145B8730F610}.Release|Any CPU.Build.0 = Release|Any CPU
	EndGlobalSection
	GlobalSection(SolutionProperties) = preSolution
		HideSolutionNode = FALSE
	EndGlobalSection
	GlobalSection(ExtensibilityGlobals) = postSolution
		SolutionGuid = {017634FB-3DAD-414E-964B-C5940F329F59}
	EndGlobalSection
EndGlobal
